{
  "version": 4,
  "terraform_version": "1.3.4",
  "serial": 3,
  "lineage": "50c63458-87d5-7447-cf67-3fce67454179",
  "outputs": {},
  "resources": [
    {
      "mode": "managed",
      "type": "aws_vpc",
      "name": "example",
      "provider": "provider[\"registry.terraform.io/hashicorp/aws\"]",
      "instances": [
        {
          "schema_version": 1,
          "attributes": {
            "arn": "arn:aws:ec2:us-east-1:579489469651:vpc/vpc-07c4352a52eaac321",
            "assign_generated_ipv6_cidr_block": false,
            "cidr_block": "10.0.0.0/16",
            "default_network_acl_id": "acl-0681c72efbf77df43",
            "default_route_table_id": "rtb-03a8649383694f405",
            "default_security_group_id": "sg-096285eb5f761eca0",
            "dhcp_options_id": "dopt-061c0c4d9dbbabc9b",
            "enable_classiclink": false,
            "enable_classiclink_dns_support": false,
            "enable_dns_hostnames": false,
            "enable_dns_support": true,
            "enable_network_address_usage_metrics": false,
            "id": "vpc-07c4352a52eaac321",
            "instance_tenancy": "default",
            "ipv4_ipam_pool_id": null,
            "ipv4_netmask_length": null,
            "ipv6_association_id": "",
            "ipv6_cidr_block": "",
            "ipv6_cidr_block_network_border_group": "",
            "ipv6_ipam_pool_id": "",
            "ipv6_netmask_length": 0,
            "main_route_table_id": "rtb-03a8649383694f405",
            "owner_id": "579489469651",
            "tags": {
              "Name": "Example VPC (created by terraform and GitHub CI)"
            },
            "tags_all": {
              "Name": "Example VPC (created by terraform and GitHub CI)"
            }
          },
          "sensitive_attributes": [],
          "private": "eyJzY2hlbWFfdmVyc2lvbiI6IjEifQ=="
        }
      ]
    }
  ],
  "check_results": null
}
